// !$*UTF8*$!
{
	archiveVersion = 1;
	classes = {
	};
	objectVersion = 56;
	objects = {

/* Begin PBXBuildFile section */
		8EAFF3A12ADD5CA900D73AD2 /* AppDelegate.swift in Sources */ = {isa = PBXBuildFile; fileRef = 8EAFF3A02ADD5CA900D73AD2 /* AppDelegate.swift */; };
		8EAFF3A32ADD5CA900D73AD2 /* SceneDelegate.swift in Sources */ = {isa = PBXBuildFile; fileRef = 8EAFF3A22ADD5CA900D73AD2 /* SceneDelegate.swift */; };
		8EAFF3A52ADD5CA900D73AD2 /* RickNMortyTabViewController.swift in Sources */ = {isa = PBXBuildFile; fileRef = 8EAFF3A42ADD5CA900D73AD2 /* RickNMortyTabViewController.swift */; };
		8EAFF3AA2ADD5CAA00D73AD2 /* Assets.xcassets in Resources */ = {isa = PBXBuildFile; fileRef = 8EAFF3A92ADD5CAA00D73AD2 /* Assets.xcassets */; };
		8EAFF3AD2ADD5CAA00D73AD2 /* LaunchScreen.storyboard in Resources */ = {isa = PBXBuildFile; fileRef = 8EAFF3AB2ADD5CAA00D73AD2 /* LaunchScreen.storyboard */; };
		8EAFF3BC2ADD633600D73AD2 /* RickNMortyLocation.swift in Sources */ = {isa = PBXBuildFile; fileRef = 8EAFF3BB2ADD633600D73AD2 /* RickNMortyLocation.swift */; };
		8EAFF3BE2ADD636B00D73AD2 /* RickNMortyCharacter.swift in Sources */ = {isa = PBXBuildFile; fileRef = 8EAFF3BD2ADD636B00D73AD2 /* RickNMortyCharacter.swift */; };
		8EAFF3C02ADD638700D73AD2 /* RickNMortyEpisode.swift in Sources */ = {isa = PBXBuildFile; fileRef = 8EAFF3BF2ADD638700D73AD2 /* RickNMortyEpisode.swift */; };
		8EAFF3C32ADD649500D73AD2 /* RickNMortyCharViewController.swift in Sources */ = {isa = PBXBuildFile; fileRef = 8EAFF3C22ADD649500D73AD2 /* RickNMortyCharViewController.swift */; };
		8EAFF3C62ADD64CB00D73AD2 /* RickNMortyLocationViewController.swift in Sources */ = {isa = PBXBuildFile; fileRef = 8EAFF3C52ADD64CB00D73AD2 /* RickNMortyLocationViewController.swift */; };
		8EAFF3C82ADD64EC00D73AD2 /* RickNMortyEpisodeViewController.swift in Sources */ = {isa = PBXBuildFile; fileRef = 8EAFF3C72ADD64EC00D73AD2 /* RickNMortyEpisodeViewController.swift */; };
		8EAFF3CA2ADD650D00D73AD2 /* RickNMortySettingsViewController.swift in Sources */ = {isa = PBXBuildFile; fileRef = 8EAFF3C92ADD650D00D73AD2 /* RickNMortySettingsViewController.swift */; };
		8EAFF3CC2ADDEBA400D73AD2 /* RickNMortyService.swift in Sources */ = {isa = PBXBuildFile; fileRef = 8EAFF3CB2ADDEBA400D73AD2 /* RickNMortyService.swift */; };
		8EAFF3CE2ADDEBBF00D73AD2 /* RickNMortyRequest.swift in Sources */ = {isa = PBXBuildFile; fileRef = 8EAFF3CD2ADDEBBF00D73AD2 /* RickNMortyRequest.swift */; };
		8EAFF3D02ADDED2F00D73AD2 /* RickNMortyEndpoint.swift in Sources */ = {isa = PBXBuildFile; fileRef = 8EAFF3CF2ADDED2F00D73AD2 /* RickNMortyEndpoint.swift */; };
/* End PBXBuildFile section */

/* Begin PBXFileReference section */
		8EAFF39D2ADD5CA900D73AD2 /* RickAndMorty.app */ = {isa = PBXFileReference; explicitFileType = wrapper.application; includeInIndex = 0; path = RickAndMorty.app; sourceTree = BUILT_PRODUCTS_DIR; };
		8EAFF3A02ADD5CA900D73AD2 /* AppDelegate.swift */ = {isa = PBXFileReference; lastKnownFileType = sourcecode.swift; path = AppDelegate.swift; sourceTree = "<group>"; };
		8EAFF3A22ADD5CA900D73AD2 /* SceneDelegate.swift */ = {isa = PBXFileReference; lastKnownFileType = sourcecode.swift; path = SceneDelegate.swift; sourceTree = "<group>"; };
		8EAFF3A42ADD5CA900D73AD2 /* RickNMortyTabViewController.swift */ = {isa = PBXFileReference; lastKnownFileType = sourcecode.swift; path = RickNMortyTabViewController.swift; sourceTree = "<group>"; };
		8EAFF3A92ADD5CAA00D73AD2 /* Assets.xcassets */ = {isa = PBXFileReference; lastKnownFileType = folder.assetcatalog; path = Assets.xcassets; sourceTree = "<group>"; };
		8EAFF3AC2ADD5CAA00D73AD2 /* Base */ = {isa = PBXFileReference; lastKnownFileType = file.storyboard; name = Base; path = Base.lproj/LaunchScreen.storyboard; sourceTree = "<group>"; };
		8EAFF3AE2ADD5CAA00D73AD2 /* Info.plist */ = {isa = PBXFileReference; lastKnownFileType = text.plist.xml; path = Info.plist; sourceTree = "<group>"; };
		8EAFF3BB2ADD633600D73AD2 /* RickNMortyLocation.swift */ = {isa = PBXFileReference; lastKnownFileType = sourcecode.swift; path = RickNMortyLocation.swift; sourceTree = "<group>"; };
		8EAFF3BD2ADD636B00D73AD2 /* RickNMortyCharacter.swift */ = {isa = PBXFileReference; lastKnownFileType = sourcecode.swift; path = RickNMortyCharacter.swift; sourceTree = "<group>"; };
		8EAFF3BF2ADD638700D73AD2 /* RickNMortyEpisode.swift */ = {isa = PBXFileReference; lastKnownFileType = sourcecode.swift; path = RickNMortyEpisode.swift; sourceTree = "<group>"; };
		8EAFF3C22ADD649500D73AD2 /* RickNMortyCharViewController.swift */ = {isa = PBXFileReference; lastKnownFileType = sourcecode.swift; path = RickNMortyCharViewController.swift; sourceTree = "<group>"; };
		8EAFF3C52ADD64CB00D73AD2 /* RickNMortyLocationViewController.swift */ = {isa = PBXFileReference; lastKnownFileType = sourcecode.swift; path = RickNMortyLocationViewController.swift; sourceTree = "<group>"; };
		8EAFF3C72ADD64EC00D73AD2 /* RickNMortyEpisodeViewController.swift */ = {isa = PBXFileReference; lastKnownFileType = sourcecode.swift; path = RickNMortyEpisodeViewController.swift; sourceTree = "<group>"; };
		8EAFF3C92ADD650D00D73AD2 /* RickNMortySettingsViewController.swift */ = {isa = PBXFileReference; lastKnownFileType = sourcecode.swift; path = RickNMortySettingsViewController.swift; sourceTree = "<group>"; };
		8EAFF3CB2ADDEBA400D73AD2 /* RickNMortyService.swift */ = {isa = PBXFileReference; lastKnownFileType = sourcecode.swift; path = RickNMortyService.swift; sourceTree = "<group>"; };
		8EAFF3CD2ADDEBBF00D73AD2 /* RickNMortyRequest.swift */ = {isa = PBXFileReference; lastKnownFileType = sourcecode.swift; path = RickNMortyRequest.swift; sourceTree = "<group>"; };
		8EAFF3CF2ADDED2F00D73AD2 /* RickNMortyEndpoint.swift */ = {isa = PBXFileReference; lastKnownFileType = sourcecode.swift; path = RickNMortyEndpoint.swift; sourceTree = "<group>"; };
/* End PBXFileReference section */

/* Begin PBXFrameworksBuildPhase section */
		8EAFF39A2ADD5CA900D73AD2 /* Frameworks */ = {
			isa = PBXFrameworksBuildPhase;
			buildActionMask = 2147483647;
			files = (
			);
			runOnlyForDeploymentPostprocessing = 0;
		};
/* End PBXFrameworksBuildPhase section */

/* Begin PBXGroup section */
		8EAFF3942ADD5CA900D73AD2 = {
			isa = PBXGroup;
			children = (
				8EAFF39F2ADD5CA900D73AD2 /* RickAndMorty */,
				8EAFF39E2ADD5CA900D73AD2 /* Products */,
			);
			sourceTree = "<group>";
		};
		8EAFF39E2ADD5CA900D73AD2 /* Products */ = {
			isa = PBXGroup;
			children = (
				8EAFF39D2ADD5CA900D73AD2 /* RickAndMorty.app */,
			);
			name = Products;
			sourceTree = "<group>";
		};
		8EAFF39F2ADD5CA900D73AD2 /* RickAndMorty */ = {
			isa = PBXGroup;
			children = (
				8EAFF3BA2ADD622D00D73AD2 /* Resources */,
				8EAFF3B92ADD61FA00D73AD2 /* APIClient */,
				8EAFF3B82ADD61E600D73AD2 /* Managers */,
				8EAFF3B72ADD61CF00D73AD2 /* Views */,
				8EAFF3B62ADD61BA00D73AD2 /* ViewModels */,
				8EAFF3B52ADD61B300D73AD2 /* Models */,
				8EAFF3B42ADD618F00D73AD2 /* Controllers */,
				8EAFF3AE2ADD5CAA00D73AD2 /* Info.plist */,
			);
			path = RickAndMorty;
			sourceTree = "<group>";
		};
		8EAFF3B42ADD618F00D73AD2 /* Controllers */ = {
			isa = PBXGroup;
			children = (
				8EAFF3C12ADD642200D73AD2 /* Core */,
			);
			path = Controllers;
			sourceTree = "<group>";
		};
		8EAFF3B52ADD61B300D73AD2 /* Models */ = {
			isa = PBXGroup;
			children = (
				8EAFF3BB2ADD633600D73AD2 /* RickNMortyLocation.swift */,
				8EAFF3BD2ADD636B00D73AD2 /* RickNMortyCharacter.swift */,
				8EAFF3BF2ADD638700D73AD2 /* RickNMortyEpisode.swift */,
			);
			path = Models;
			sourceTree = "<group>";
		};
		8EAFF3B62ADD61BA00D73AD2 /* ViewModels */ = {
			isa = PBXGroup;
			children = (
			);
			path = ViewModels;
			sourceTree = "<group>";
		};
		8EAFF3B72ADD61CF00D73AD2 /* Views */ = {
			isa = PBXGroup;
			children = (
			);
			path = Views;
			sourceTree = "<group>";
		};
		8EAFF3B82ADD61E600D73AD2 /* Managers */ = {
			isa = PBXGroup;
			children = (
			);
			path = Managers;
			sourceTree = "<group>";
		};
		8EAFF3B92ADD61FA00D73AD2 /* APIClient */ = {
			isa = PBXGroup;
			children = (
				8EAFF3CB2ADDEBA400D73AD2 /* RickNMortyService.swift */,
				8EAFF3CD2ADDEBBF00D73AD2 /* RickNMortyRequest.swift */,
				8EAFF3CF2ADDED2F00D73AD2 /* RickNMortyEndpoint.swift */,
			);
			path = APIClient;
			sourceTree = "<group>";
		};
		8EAFF3BA2ADD622D00D73AD2 /* Resources */ = {
			isa = PBXGroup;
			children = (
				8EAFF3A92ADD5CAA00D73AD2 /* Assets.xcassets */,
				8EAFF3AB2ADD5CAA00D73AD2 /* LaunchScreen.storyboard */,
				8EAFF3A02ADD5CA900D73AD2 /* AppDelegate.swift */,
				8EAFF3A22ADD5CA900D73AD2 /* SceneDelegate.swift */,
			);
			path = Resources;
			sourceTree = "<group>";
		};
		8EAFF3C12ADD642200D73AD2 /* Core */ = {
			isa = PBXGroup;
			children = (
				8EAFF3A42ADD5CA900D73AD2 /* RickNMortyTabViewController.swift */,
				8EAFF3C22ADD649500D73AD2 /* RickNMortyCharViewController.swift */,
				8EAFF3C52ADD64CB00D73AD2 /* RickNMortyLocationViewController.swift */,
				8EAFF3C72ADD64EC00D73AD2 /* RickNMortyEpisodeViewController.swift */,
				8EAFF3C92ADD650D00D73AD2 /* RickNMortySettingsViewController.swift */,
			);
			path = Core;
			sourceTree = "<group>";
		};
/* End PBXGroup section */

/* Begin PBXNativeTarget section */
		8EAFF39C2ADD5CA900D73AD2 /* RickAndMorty */ = {
			isa = PBXNativeTarget;
			buildConfigurationList = 8EAFF3B12ADD5CAA00D73AD2 /* Build configuration list for PBXNativeTarget "RickAndMorty" */;
			buildPhases = (
				8EAFF3992ADD5CA900D73AD2 /* Sources */,
				8EAFF39A2ADD5CA900D73AD2 /* Frameworks */,
				8EAFF39B2ADD5CA900D73AD2 /* Resources */,
			);
			buildRules = (
			);
			dependencies = (
			);
			name = RickAndMorty;
			productName = RickAndMorty;
			productReference = 8EAFF39D2ADD5CA900D73AD2 /* RickAndMorty.app */;
			productType = "com.apple.product-type.application";
		};
/* End PBXNativeTarget section */

/* Begin PBXProject section */
		8EAFF3952ADD5CA900D73AD2 /* Project object */ = {
			isa = PBXProject;
			attributes = {
				BuildIndependentTargetsInParallel = 1;
				LastSwiftUpdateCheck = 1420;
				LastUpgradeCheck = 1420;
				TargetAttributes = {
					8EAFF39C2ADD5CA900D73AD2 = {
						CreatedOnToolsVersion = 14.2;
					};
				};
			};
			buildConfigurationList = 8EAFF3982ADD5CA900D73AD2 /* Build configuration list for PBXProject "RickAndMorty" */;
			compatibilityVersion = "Xcode 14.0";
			developmentRegion = en;
			hasScannedForEncodings = 0;
			knownRegions = (
				en,
				Base,
			);
			mainGroup = 8EAFF3942ADD5CA900D73AD2;
			productRefGroup = 8EAFF39E2ADD5CA900D73AD2 /* Products */;
			projectDirPath = "";
			projectRoot = "";
			targets = (
				8EAFF39C2ADD5CA900D73AD2 /* RickAndMorty */,
			);
		};
/* End PBXProject section */

/* Begin PBXResourcesBuildPhase section */
		8EAFF39B2ADD5CA900D73AD2 /* Resources */ = {
			isa = PBXResourcesBuildPhase;
			buildActionMask = 2147483647;
			files = (
				8EAFF3AD2ADD5CAA00D73AD2 /* LaunchScreen.storyboard in Resources */,
				8EAFF3AA2ADD5CAA00D73AD2 /* Assets.xcassets in Resources */,
			);
			runOnlyForDeploymentPostprocessing = 0;
		};
/* End PBXResourcesBuildPhase section */

/* Begin PBXSourcesBuildPhase section */
		8EAFF3992ADD5CA900D73AD2 /* Sources */ = {
			isa = PBXSourcesBuildPhase;
			buildActionMask = 2147483647;
			files = (
				8EAFF3C32ADD649500D73AD2 /* RickNMortyCharViewController.swift in Sources */,
				8EAFF3CE2ADDEBBF00D73AD2 /* RickNMortyRequest.swift in Sources */,
				8EAFF3A52ADD5CA900D73AD2 /* RickNMortyTabViewController.swift in Sources */,
				8EAFF3A12ADD5CA900D73AD2 /* AppDelegate.swift in Sources */,
				8EAFF3C62ADD64CB00D73AD2 /* RickNMortyLocationViewController.swift in Sources */,
				8EAFF3CC2ADDEBA400D73AD2 /* RickNMortyService.swift in Sources */,
				8EAFF3BC2ADD633600D73AD2 /* RickNMortyLocation.swift in Sources */,
				8EAFF3CA2ADD650D00D73AD2 /* RickNMortySettingsViewController.swift in Sources */,
				8EAFF3D02ADDED2F00D73AD2 /* RickNMortyEndpoint.swift in Sources */,
				8EAFF3BE2ADD636B00D73AD2 /* RickNMortyCharacter.swift in Sources */,
				8EAFF3A32ADD5CA900D73AD2 /* SceneDelegate.swift in Sources */,
				8EAFF3C82ADD64EC00D73AD2 /* RickNMortyEpisodeViewController.swift in Sources */,
				8EAFF3C02ADD638700D73AD2 /* RickNMortyEpisode.swift in Sources */,
			);
			runOnlyForDeploymentPostprocessing = 0;
		};
/* End PBXSourcesBuildPhase section */

/* Begin PBXVariantGroup section */
		8EAFF3AB2ADD5CAA00D73AD2 /* LaunchScreen.storyboard */ = {
			isa = PBXVariantGroup;
			children = (
				8EAFF3AC2ADD5CAA00D73AD2 /* Base */,
			);
			name = LaunchScreen.storyboard;
			sourceTree = "<group>";
		};
/* End PBXVariantGroup section */

/* Begin XCBuildConfiguration section */
		8EAFF3AF2ADD5CAA00D73AD2 /* Debug */ = {
			isa = XCBuildConfiguration;
			buildSettings = {
				ALWAYS_SEARCH_USER_PATHS = NO;
				CLANG_ANALYZER_NONNULL = YES;
				CLANG_ANALYZER_NUMBER_OBJECT_CONVERSION = YES_AGGRESSIVE;
				CLANG_CXX_LANGUAGE_STANDARD = "gnu++20";
				CLANG_ENABLE_MODULES = YES;
				CLANG_ENABLE_OBJC_ARC = YES;
				CLANG_ENABLE_OBJC_WEAK = YES;
				CLANG_WARN_BLOCK_CAPTURE_AUTORELEASING = YES;
				CLANG_WARN_BOOL_CONVERSION = YES;
				CLANG_WARN_COMMA = YES;
				CLANG_WARN_CONSTANT_CONVERSION = YES;
				CLANG_WARN_DEPRECATED_OBJC_IMPLEMENTATIONS = YES;
				CLANG_WARN_DIRECT_OBJC_ISA_USAGE = YES_ERROR;
				CLANG_WARN_DOCUMENTATION_COMMENTS = YES;
				CLANG_WARN_EMPTY_BODY = YES;
				CLANG_WARN_ENUM_CONVERSION = YES;
				CLANG_WARN_INFINITE_RECURSION = YES;
				CLANG_WARN_INT_CONVERSION = YES;
				CLANG_WARN_NON_LITERAL_NULL_CONVERSION = YES;
				CLANG_WARN_OBJC_IMPLICIT_RETAIN_SELF = YES;
				CLANG_WARN_OBJC_LITERAL_CONVERSION = YES;
				CLANG_WARN_OBJC_ROOT_CLASS = YES_ERROR;
				CLANG_WARN_QUOTED_INCLUDE_IN_FRAMEWORK_HEADER = YES;
				CLANG_WARN_RANGE_LOOP_ANALYSIS = YES;
				CLANG_WARN_STRICT_PROTOTYPES = YES;
				CLANG_WARN_SUSPICIOUS_MOVE = YES;
				CLANG_WARN_UNGUARDED_AVAILABILITY = YES_AGGRESSIVE;
				CLANG_WARN_UNREACHABLE_CODE = YES;
				CLANG_WARN__DUPLICATE_METHOD_MATCH = YES;
				COPY_PHASE_STRIP = NO;
				DEBUG_INFORMATION_FORMAT = dwarf;
				ENABLE_STRICT_OBJC_MSGSEND = YES;
				ENABLE_TESTABILITY = YES;
				GCC_C_LANGUAGE_STANDARD = gnu11;
				GCC_DYNAMIC_NO_PIC = NO;
				GCC_NO_COMMON_BLOCKS = YES;
				GCC_OPTIMIZATION_LEVEL = 0;
				GCC_PREPROCESSOR_DEFINITIONS = (
					"DEBUG=1",
					"$(inherited)",
				);
				GCC_WARN_64_TO_32_BIT_CONVERSION = YES;
				GCC_WARN_ABOUT_RETURN_TYPE = YES_ERROR;
				GCC_WARN_UNDECLARED_SELECTOR = YES;
				GCC_WARN_UNINITIALIZED_AUTOS = YES_AGGRESSIVE;
				GCC_WARN_UNUSED_FUNCTION = YES;
				GCC_WARN_UNUSED_VARIABLE = YES;
				IPHONEOS_DEPLOYMENT_TARGET = 16.2;
				MTL_ENABLE_DEBUG_INFO = INCLUDE_SOURCE;
				MTL_FAST_MATH = YES;
				ONLY_ACTIVE_ARCH = YES;
				SDKROOT = iphoneos;
				SWIFT_ACTIVE_COMPILATION_CONDITIONS = DEBUG;
				SWIFT_OPTIMIZATION_LEVEL = "-Onone";
			};
			name = Debug;
		};
		8EAFF3B02ADD5CAA00D73AD2 /* Release */ = {
			isa = XCBuildConfiguration;
			buildSettings = {
				ALWAYS_SEARCH_USER_PATHS = NO;
				CLANG_ANALYZER_NONNULL = YES;
				CLANG_ANALYZER_NUMBER_OBJECT_CONVERSION = YES_AGGRESSIVE;
				CLANG_CXX_LANGUAGE_STANDARD = "gnu++20";
				CLANG_ENABLE_MODULES = YES;
				CLANG_ENABLE_OBJC_ARC = YES;
				CLANG_ENABLE_OBJC_WEAK = YES;
				CLANG_WARN_BLOCK_CAPTURE_AUTORELEASING = YES;
				CLANG_WARN_BOOL_CONVERSION = YES;
				CLANG_WARN_COMMA = YES;
				CLANG_WARN_CONSTANT_CONVERSION = YES;
				CLANG_WARN_DEPRECATED_OBJC_IMPLEMENTATIONS = YES;
				CLANG_WARN_DIRECT_OBJC_ISA_USAGE = YES_ERROR;
				CLANG_WARN_DOCUMENTATION_COMMENTS = YES;
				CLANG_WARN_EMPTY_BODY = YES;
				CLANG_WARN_ENUM_CONVERSION = YES;
				CLANG_WARN_INFINITE_RECURSION = YES;
				CLANG_WARN_INT_CONVERSION = YES;
				CLANG_WARN_NON_LITERAL_NULL_CONVERSION = YES;
				CLANG_WARN_OBJC_IMPLICIT_RETAIN_SELF = YES;
				CLANG_WARN_OBJC_LITERAL_CONVERSION = YES;
				CLANG_WARN_OBJC_ROOT_CLASS = YES_ERROR;
				CLANG_WARN_QUOTED_INCLUDE_IN_FRAMEWORK_HEADER = YES;
				CLANG_WARN_RANGE_LOOP_ANALYSIS = YES;
				CLANG_WARN_STRICT_PROTOTYPES = YES;
				CLANG_WARN_SUSPICIOUS_MOVE = YES;
				CLANG_WARN_UNGUARDED_AVAILABILITY = YES_AGGRESSIVE;
				CLANG_WARN_UNREACHABLE_CODE = YES;
				CLANG_WARN__DUPLICATE_METHOD_MATCH = YES;
				COPY_PHASE_STRIP = NO;
				DEBUG_INFORMATION_FORMAT = "dwarf-with-dsym";
				ENABLE_NS_ASSERTIONS = NO;
				ENABLE_STRICT_OBJC_MSGSEND = YES;
				GCC_C_LANGUAGE_STANDARD = gnu11;
				GCC_NO_COMMON_BLOCKS = YES;
				GCC_WARN_64_TO_32_BIT_CONVERSION = YES;
				GCC_WARN_ABOUT_RETURN_TYPE = YES_ERROR;
				GCC_WARN_UNDECLARED_SELECTOR = YES;
				GCC_WARN_UNINITIALIZED_AUTOS = YES_AGGRESSIVE;
				GCC_WARN_UNUSED_FUNCTION = YES;
				GCC_WARN_UNUSED_VARIABLE = YES;
				IPHONEOS_DEPLOYMENT_TARGET = 16.2;
				MTL_ENABLE_DEBUG_INFO = NO;
				MTL_FAST_MATH = YES;
				SDKROOT = iphoneos;
				SWIFT_COMPILATION_MODE = wholemodule;
				SWIFT_OPTIMIZATION_LEVEL = "-O";
				VALIDATE_PRODUCT = YES;
			};
			name = Release;
		};
		8EAFF3B22ADD5CAA00D73AD2 /* Debug */ = {
			isa = XCBuildConfiguration;
			buildSettings = {
				ASSETCATALOG_COMPILER_APPICON_NAME = AppIcon;
				ASSETCATALOG_COMPILER_GLOBAL_ACCENT_COLOR_NAME = AccentColor;
				CODE_SIGN_STYLE = Automatic;
				CURRENT_PROJECT_VERSION = 1;
				GENERATE_INFOPLIST_FILE = YES;
				INFOPLIST_FILE = RickAndMorty/Info.plist;
				INFOPLIST_KEY_UIApplicationSupportsIndirectInputEvents = YES;
				INFOPLIST_KEY_UILaunchStoryboardName = LaunchScreen;
				INFOPLIST_KEY_UISupportedInterfaceOrientations_iPad = "UIInterfaceOrientationPortrait UIInterfaceOrientationPortraitUpsideDown UIInterfaceOrientationLandscapeLeft UIInterfaceOrientationLandscapeRight";
				INFOPLIST_KEY_UISupportedInterfaceOrientations_iPhone = "UIInterfaceOrientationPortrait UIInterfaceOrientationLandscapeLeft UIInterfaceOrientationLandscapeRight";
				LD_RUNPATH_SEARCH_PATHS = (
					"$(inherited)",
					"@executable_path/Frameworks",
				);
				MARKETING_VERSION = 1.0;
				PRODUCT_BUNDLE_IDENTIFIER = com.hgk.RickAndMorty;
				PRODUCT_NAME = "$(TARGET_NAME)";
				SWIFT_EMIT_LOC_STRINGS = YES;
				SWIFT_VERSION = 5.0;
				TARGETED_DEVICE_FAMILY = "1,2";
			};
			name = Debug;
		};
		8EAFF3B32ADD5CAA00D73AD2 /* Release */ = {
			isa = XCBuildConfiguration;
			buildSettings = {
				ASSETCATALOG_COMPILER_APPICON_NAME = AppIcon;
				ASSETCATALOG_COMPILER_GLOBAL_ACCENT_COLOR_NAME = AccentColor;
				CODE_SIGN_STYLE = Automatic;
				CURRENT_PROJECT_VERSION = 1;
				GENERATE_INFOPLIST_FILE = YES;
				INFOPLIST_FILE = RickAndMorty/Info.plist;
				INFOPLIST_KEY_UIApplicationSupportsIndirectInputEvents = YES;
				INFOPLIST_KEY_UILaunchStoryboardName = LaunchScreen;
				INFOPLIST_KEY_UISupportedInterfaceOrientations_iPad = "UIInterfaceOrientationPortrait UIInterfaceOrientationPortraitUpsideDown UIInterfaceOrientationLandscapeLeft UIInterfaceOrientationLandscapeRight";
				INFOPLIST_KEY_UISupportedInterfaceOrientations_iPhone = "UIInterfaceOrientationPortrait UIInterfaceOrientationLandscapeLeft UIInterfaceOrientationLandscapeRight";
				LD_RUNPATH_SEARCH_PATHS = (
					"$(inherited)",
					"@executable_path/Frameworks",
				);
				MARKETING_VERSION = 1.0;
				PRODUCT_BUNDLE_IDENTIFIER = com.hgk.RickAndMorty;
				PRODUCT_NAME = "$(TARGET_NAME)";
				SWIFT_EMIT_LOC_STRINGS = YES;
				SWIFT_VERSION = 5.0;
				TARGETED_DEVICE_FAMILY = "1,2";
			};
			name = Release;
		};
/* End XCBuildConfiguration section */

/* Begin XCConfigurationList section */
		8EAFF3982ADD5CA900D73AD2 /* Build configuration list for PBXProject "RickAndMorty" */ = {
			isa = XCConfigurationList;
			buildConfigurations = (
				8EAFF3AF2ADD5CAA00D73AD2 /* Debug */,
				8EAFF3B02ADD5CAA00D73AD2 /* Release */,
			);
			defaultConfigurationIsVisible = 0;
			defaultConfigurationName = Release;
		};
		8EAFF3B12ADD5CAA00D73AD2 /* Build configuration list for PBXNativeTarget "RickAndMorty" */ = {
			isa = XCConfigurationList;
			buildConfigurations = (
				8EAFF3B22ADD5CAA00D73AD2 /* Debug */,
				8EAFF3B32ADD5CAA00D73AD2 /* Release */,
			);
			defaultConfigurationIsVisible = 0;
			defaultConfigurationName = Release;
		};
/* End XCConfigurationList section */
	};
	rootObject = 8EAFF3952ADD5CA900D73AD2 /* Project object */;
}
